
Microsoft Visual Studio Solution File, Format Version 12.00
# Visual Studio Version 16
VisualStudioVersion = 16.0.30204.135
MinimumVisualStudioVersion = 10.0.40219.1
Project("{FAE04EC0-301F-11D3-BF4B-00C04F79EFBC}") = "ScrpperAPI", "ScrpperAPI\ScrpperAPI.csproj", "{D8B9FBD6-F0CA-4411-BC6F-197BD08C3AD2}"
EndProject
Project("{FAE04EC0-301F-11D3-BF4B-00C04F79EFBC}") = "Infrastructure", "Infrastructure\Infrastructure.csproj", "{DFA5E1DA-2671-4CE5-89F9-13BCBEA983BF}"
EndProject
Project("{FAE04EC0-301F-11D3-BF4B-00C04F79EFBC}") = "Core", "Core\Core.csproj", "{0C959D9D-37B6-47E6-8509-A5118C5C489E}"
EndProject
Project("{FAE04EC0-301F-11D3-BF4B-00C04F79EFBC}") = "Services", "Services\Services.csproj", "{46D4CAA1-FBC9-43F5-94FB-493FBD7E00BA}"
EndProject
Global
	GlobalSection(SolutionConfigurationPlatforms) = preSolution
		Debug|Any CPU = Debug|Any CPU
		Release|Any CPU = Release|Any CPU
	EndGlobalSection
	GlobalSection(ProjectConfigurationPlatforms) = postSolution
		{D8B9FBD6-F0CA-4411-BC6F-197BD08C3AD2}.Debug|Any CPU.ActiveCfg = Debug|Any CPU
		{D8B9FBD6-F0CA-4411-BC6F-197BD08C3AD2}.Debug|Any CPU.Build.0 = Debug|Any CPU
		{D8B9FBD6-F0CA-4411-BC6F-197BD08C3AD2}.Release|Any CPU.ActiveCfg = Release|Any CPU
		{D8B9FBD6-F0CA-4411-BC6F-197BD08C3AD2}.Release|Any CPU.Build.0 = Release|Any CPU
		{DFA5E1DA-2671-4CE5-89F9-13BCBEA983BF}.Debug|Any CPU.ActiveCfg = Debug|Any CPU
		{DFA5E1DA-2671-4CE5-89F9-13BCBEA983BF}.Debug|Any CPU.Build.0 = Debug|Any CPU
		{DFA5E1DA-2671-4CE5-89F9-13BCBEA983BF}.Release|Any CPU.ActiveCfg = Release|Any CPU
		{DFA5E1DA-2671-4CE5-89F9-13BCBEA983BF}.Release|Any CPU.Build.0 = Release|Any CPU
		{0C959D9D-37B6-47E6-8509-A5118C5C489E}.Debug|Any CPU.ActiveCfg = Debug|Any CPU
		{0C959D9D-37B6-47E6-8509-A5118C5C489E}.Debug|Any CPU.Build.0 = Debug|Any CPU
		{0C959D9D-37B6-47E6-8509-A5118C5C489E}.Release|Any CPU.ActiveCfg = Release|Any CPU
		{0C959D9D-37B6-47E6-8509-A5118C5C489E}.Release|Any CPU.Build.0 = Release|Any CPU
		{46D4CAA1-FBC9-43F5-94FB-493FBD7E00BA}.Debug|Any CPU.ActiveCfg = Debug|Any CPU
		{46D4CAA1-FBC9-43F5-94FB-493FBD7E00BA}.Debug|Any CPU.Build.0 = Debug|Any CPU
		{46D4CAA1-FBC9-43F5-94FB-493FBD7E00BA}.Release|Any CPU.ActiveCfg = Release|Any CPU
		{46D4CAA1-FBC9-43F5-94FB-493FBD7E00BA}.Release|Any CPU.Build.0 = Release|Any CPU
	EndGlobalSection
	GlobalSection(SolutionProperties) = preSolution
		HideSolutionNode = FALSE
	EndGlobalSection
	GlobalSection(ExtensibilityGlobals) = postSolution
		SolutionGuid = {03777D58-1DD1-49B9-BBFE-2602E9806011}
	EndGlobalSection
EndGlobal
